
Microsoft Visual Studio Solution File, Format Version 12.00
# Visual Studio 15
VisualStudioVersion = 15.0.27703.2035
MinimumVisualStudioVersion = 10.0.40219.1
Project("{8BC9CEB8-8B4A-11D0-8D11-00A0C91BC942}") = "janus_win", "janus_win\janus_win.vcxproj", "{121B3566-75A1-4A81-ACA3-744FA6044718}"
EndProject
Global
	GlobalSection(SolutionConfigurationPlatforms) = preSolution
		Debug|x64 = Debug|x64
		Debug|x86 = Debug|x86
		Release|x64 = Release|x64
		Release|x86 = Release|x86
	EndGlobalSection
	GlobalSection(ProjectConfigurationPlatforms) = postSolution
		{121B3566-75A1-4A81-ACA3-744FA6044718}.Debug|x64.ActiveCfg = Debug|x64
		{121B3566-75A1-4A81-ACA3-744FA6044718}.Debug|x64.Build.0 = Debug|x64
		{121B3566-75A1-4A81-ACA3-744FA6044718}.Debug|x86.ActiveCfg = Debug|Win32
		{121B3566-75A1-4A81-ACA3-744FA6044718}.Debug|x86.Build.0 = Debug|Win32
		{121B3566-75A1-4A81-ACA3-744FA6044718}.Release|x64.ActiveCfg = Release|x64
		{121B3566-75A1-4A81-ACA3-744FA6044718}.Release|x64.Build.0 = Release|x64
		{121B3566-75A1-4A81-ACA3-744FA6044718}.Release|x86.ActiveCfg = Release|Win32
		{121B3566-75A1-4A81-ACA3-744FA6044718}.Release|x86.Build.0 = Release|Win32
	EndGlobalSection
	GlobalSection(SolutionProperties) = preSolution
		HideSolutionNode = FALSE
	EndGlobalSection
	GlobalSection(ExtensibilityGlobals) = postSolution
		SolutionGuid = {ED212BDA-6D23-4301-9E3C-B2CFD1503026}
	EndGlobalSection
EndGlobal
